
Microsoft Visual Studio Solution File, Format Version 12.00
# Visual Studio Version 16
VisualStudioVersion = 16.0.29230.47
MinimumVisualStudioVersion = 10.0.40219.1
Project("{FAE04EC0-301F-11D3-BF4B-00C04F79EFBC}") = "Uppgift 1", "Uppgift 1\Uppgift 1.csproj", "{FA7345F2-0E0A-4B20-9646-4C87C132F60B}"
EndProject
Project("{FAE04EC0-301F-11D3-BF4B-00C04F79EFBC}") = "Uppgift 2", "Uppgift 2\Uppgift 2.csproj", "{F8AB44EC-4ABB-4794-8E73-75D589C39666}"
EndProject
Global
	GlobalSection(SolutionConfigurationPlatforms) = preSolution
		Debug|Any CPU = Debug|Any CPU
		Release|Any CPU = Release|Any CPU
	EndGlobalSection
	GlobalSection(ProjectConfigurationPlatforms) = postSolution
		{FA7345F2-0E0A-4B20-9646-4C87C132F60B}.Debug|Any CPU.ActiveCfg = Debug|Any CPU
		{FA7345F2-0E0A-4B20-9646-4C87C132F60B}.Debug|Any CPU.Build.0 = Debug|Any CPU
		{FA7345F2-0E0A-4B20-9646-4C87C132F60B}.Release|Any CPU.ActiveCfg = Release|Any CPU
		{FA7345F2-0E0A-4B20-9646-4C87C132F60B}.Release|Any CPU.Build.0 = Release|Any CPU
		{F8AB44EC-4ABB-4794-8E73-75D589C39666}.Debug|Any CPU.ActiveCfg = Debug|Any CPU
		{F8AB44EC-4ABB-4794-8E73-75D589C39666}.Debug|Any CPU.Build.0 = Debug|Any CPU
		{F8AB44EC-4ABB-4794-8E73-75D589C39666}.Release|Any CPU.ActiveCfg = Release|Any CPU
		{F8AB44EC-4ABB-4794-8E73-75D589C39666}.Release|Any CPU.Build.0 = Release|Any CPU
	EndGlobalSection
	GlobalSection(SolutionProperties) = preSolution
		HideSolutionNode = FALSE
	EndGlobalSection
	GlobalSection(ExtensibilityGlobals) = postSolution
		SolutionGuid = {290DEE8B-F9B1-49F9-961A-9AF1206031FB}
	EndGlobalSection
EndGlobal
